{
  "version": 4,
  "terraform_version": "0.13.4",
  "serial": 1,
  "lineage": "5cf61b4c-108f-16dc-3343-e337a1fcf3c6",
  "outputs": {},
  "resources": [
    {
      "mode": "managed",
      "type": "playgroundtech_application",
      "name": "test",
      "provider": "provider[\"playgroundtech.se/edu/playgroundtech\"]",
      "instances": [
        {
          "schema_version": 0,
          "attributes": {
            "applicant_id": null,
            "email": "email@email.com",
            "github": "github.com",
            "homepage": "homepage.com",
            "id": "1",
            "last_updated": null,
            "linkedin": "linkedin.com",
            "phone_number": "012345678910"
          },
          "private": "bnVsbA=="
        }
      ]
    }
  ]
}
